
Microsoft Visual Studio Solution File, Format Version 12.00
# Visual Studio Version 16
VisualStudioVersion = 16.0.31729.503
MinimumVisualStudioVersion = 10.0.40219.1
Project("{9A19103F-16F7-4668-BE54-9A1E7A4F7556}") = "CodeFirstDatabaseMigration", "CodeFirstDatabaseMigration\CodeFirstDatabaseMigration.csproj", "{0B572C61-26D0-403F-95BF-B740CED6F708}"
EndProject
Project("{FAE04EC0-301F-11D3-BF4B-00C04F79EFBC}") = "Entities", "Entities\Entities.csproj", "{7B454858-69AA-4F15-9C17-7B8C56381DC1}"
EndProject
Global
	GlobalSection(SolutionConfigurationPlatforms) = preSolution
		Debug|Any CPU = Debug|Any CPU
		Release|Any CPU = Release|Any CPU
	EndGlobalSection
	GlobalSection(ProjectConfigurationPlatforms) = postSolution
		{0B572C61-26D0-403F-95BF-B740CED6F708}.Debug|Any CPU.ActiveCfg = Debug|Any CPU
		{0B572C61-26D0-403F-95BF-B740CED6F708}.Debug|Any CPU.Build.0 = Debug|Any CPU
		{0B572C61-26D0-403F-95BF-B740CED6F708}.Release|Any CPU.ActiveCfg = Release|Any CPU
		{0B572C61-26D0-403F-95BF-B740CED6F708}.Release|Any CPU.Build.0 = Release|Any CPU
		{7B454858-69AA-4F15-9C17-7B8C56381DC1}.Debug|Any CPU.ActiveCfg = Debug|Any CPU
		{7B454858-69AA-4F15-9C17-7B8C56381DC1}.Debug|Any CPU.Build.0 = Debug|Any CPU
		{7B454858-69AA-4F15-9C17-7B8C56381DC1}.Release|Any CPU.ActiveCfg = Release|Any CPU
		{7B454858-69AA-4F15-9C17-7B8C56381DC1}.Release|Any CPU.Build.0 = Release|Any CPU
	EndGlobalSection
	GlobalSection(SolutionProperties) = preSolution
		HideSolutionNode = FALSE
	EndGlobalSection
	GlobalSection(ExtensibilityGlobals) = postSolution
		SolutionGuid = {7DA9BF25-8587-4F1E-A538-5F32F8D2544B}
	EndGlobalSection
EndGlobal
